
Microsoft Visual Studio Solution File, Format Version 12.00
# Visual Studio Version 17
VisualStudioVersion = 17.8.34330.188
MinimumVisualStudioVersion = 10.0.40219.1
Project("{FAE04EC0-301F-11D3-BF4B-00C04F79EFBC}") = "UnderstandingLINQ", "UnderstandingLINQ\UnderstandingLINQ.csproj", "{1D15CEE4-4F9E-4A0B-A9C0-EB2FF30639A2}"
EndProject
Global
	GlobalSection(SolutionConfigurationPlatforms) = preSolution
		Debug|Any CPU = Debug|Any CPU
		Release|Any CPU = Release|Any CPU
	EndGlobalSection
	GlobalSection(ProjectConfigurationPlatforms) = postSolution
		{1D15CEE4-4F9E-4A0B-A9C0-EB2FF30639A2}.Debug|Any CPU.ActiveCfg = Debug|Any CPU
		{1D15CEE4-4F9E-4A0B-A9C0-EB2FF30639A2}.Debug|Any CPU.Build.0 = Debug|Any CPU
		{1D15CEE4-4F9E-4A0B-A9C0-EB2FF30639A2}.Release|Any CPU.ActiveCfg = Release|Any CPU
		{1D15CEE4-4F9E-4A0B-A9C0-EB2FF30639A2}.Release|Any CPU.Build.0 = Release|Any CPU
	EndGlobalSection
	GlobalSection(SolutionProperties) = preSolution
		HideSolutionNode = FALSE
	EndGlobalSection
	GlobalSection(ExtensibilityGlobals) = postSolution
		SolutionGuid = {377564CF-2320-401E-B7FB-108C1E4E3897}
	EndGlobalSection
EndGlobal
